
Microsoft Visual Studio Solution File, Format Version 12.00
# Visual Studio 15
VisualStudioVersion = 15.0.26430.16
MinimumVisualStudioVersion = 10.0.40219.1
Project("{FAE04EC0-301F-11D3-BF4B-00C04F79EFBC}") = "MyCalculator", "MyCalculator\MyCalculator.csproj", "{B5D7A0F4-75EF-44E6-8CAE-8F09837DD072}"
EndProject
Project("{FAE04EC0-301F-11D3-BF4B-00C04F79EFBC}") = "MyCalculator.Tests", "MyCalculator.Tests\MyCalculator.Tests.csproj", "{2233E81E-99B4-474B-A99F-930B3416A937}"
EndProject
Project("{FAE04EC0-301F-11D3-BF4B-00C04F79EFBC}") = "Bank", "Bank\Bank.csproj", "{F95084CD-87A5-4D6A-89AD-B3D93591EA0A}"
EndProject
Project("{FAE04EC0-301F-11D3-BF4B-00C04F79EFBC}") = "BankTests", "BankTests\BankTests.csproj", "{B67AF9CC-0C89-4D7F-99D6-A31A8C970379}"
EndProject
Global
	GlobalSection(SolutionConfigurationPlatforms) = preSolution
		Debug|Any CPU = Debug|Any CPU
		Release|Any CPU = Release|Any CPU
	EndGlobalSection
	GlobalSection(ProjectConfigurationPlatforms) = postSolution
		{B5D7A0F4-75EF-44E6-8CAE-8F09837DD072}.Debug|Any CPU.ActiveCfg = Debug|Any CPU
		{B5D7A0F4-75EF-44E6-8CAE-8F09837DD072}.Debug|Any CPU.Build.0 = Debug|Any CPU
		{B5D7A0F4-75EF-44E6-8CAE-8F09837DD072}.Release|Any CPU.ActiveCfg = Release|Any CPU
		{B5D7A0F4-75EF-44E6-8CAE-8F09837DD072}.Release|Any CPU.Build.0 = Release|Any CPU
		{2233E81E-99B4-474B-A99F-930B3416A937}.Debug|Any CPU.ActiveCfg = Debug|Any CPU
		{2233E81E-99B4-474B-A99F-930B3416A937}.Debug|Any CPU.Build.0 = Debug|Any CPU
		{2233E81E-99B4-474B-A99F-930B3416A937}.Release|Any CPU.ActiveCfg = Release|Any CPU
		{2233E81E-99B4-474B-A99F-930B3416A937}.Release|Any CPU.Build.0 = Release|Any CPU
		{F95084CD-87A5-4D6A-89AD-B3D93591EA0A}.Debug|Any CPU.ActiveCfg = Debug|Any CPU
		{F95084CD-87A5-4D6A-89AD-B3D93591EA0A}.Debug|Any CPU.Build.0 = Debug|Any CPU
		{F95084CD-87A5-4D6A-89AD-B3D93591EA0A}.Release|Any CPU.ActiveCfg = Release|Any CPU
		{F95084CD-87A5-4D6A-89AD-B3D93591EA0A}.Release|Any CPU.Build.0 = Release|Any CPU
		{B67AF9CC-0C89-4D7F-99D6-A31A8C970379}.Debug|Any CPU.ActiveCfg = Debug|Any CPU
		{B67AF9CC-0C89-4D7F-99D6-A31A8C970379}.Debug|Any CPU.Build.0 = Debug|Any CPU
		{B67AF9CC-0C89-4D7F-99D6-A31A8C970379}.Release|Any CPU.ActiveCfg = Release|Any CPU
		{B67AF9CC-0C89-4D7F-99D6-A31A8C970379}.Release|Any CPU.Build.0 = Release|Any CPU
	EndGlobalSection
	GlobalSection(SolutionProperties) = preSolution
		HideSolutionNode = FALSE
	EndGlobalSection
EndGlobal
